// !$*UTF8*$!
{
	archiveVersion = 1;
	classes = {
	};
	objectVersion = 50;
	objects = {

/* Begin PBXBuildFile section */
		D273519821209E3800D8C16C /* HomeScreenViewController.swift in Sources */ = {isa = PBXBuildFile; fileRef = D273519721209E3800D8C16C /* HomeScreenViewController.swift */; };
		D2791E662115F4B600E6034A /* AppDelegate.swift in Sources */ = {isa = PBXBuildFile; fileRef = D2791E652115F4B600E6034A /* AppDelegate.swift */; };
		D2791E6B2115F4B600E6034A /* Main.storyboard in Resources */ = {isa = PBXBuildFile; fileRef = D2791E692115F4B600E6034A /* Main.storyboard */; };
		D2791E6D2115F4B800E6034A /* Assets.xcassets in Resources */ = {isa = PBXBuildFile; fileRef = D2791E6C2115F4B800E6034A /* Assets.xcassets */; };
		D2791E702115F4B800E6034A /* LaunchScreen.storyboard in Resources */ = {isa = PBXBuildFile; fileRef = D2791E6E2115F4B800E6034A /* LaunchScreen.storyboard */; };
		D297BB642118B21300D50A9C /* SwipingController.swift in Sources */ = {isa = PBXBuildFile; fileRef = D297BB632118B21300D50A9C /* SwipingController.swift */; };
		D297BB662118CF5500D50A9C /* PageCell.swift in Sources */ = {isa = PBXBuildFile; fileRef = D297BB652118CF5500D50A9C /* PageCell.swift */; };
		D2AD5717211914DC0075FE48 /* Page.swift in Sources */ = {isa = PBXBuildFile; fileRef = D2AD5716211914DC0075FE48 /* Page.swift */; };
		D2AD945C21218C6B00DC2C1D /* SignInViewController.swift in Sources */ = {isa = PBXBuildFile; fileRef = D2AD945B21218C6B00DC2C1D /* SignInViewController.swift */; };
/* End PBXBuildFile section */

/* Begin PBXFileReference section */
		D273519721209E3800D8C16C /* HomeScreenViewController.swift */ = {isa = PBXFileReference; lastKnownFileType = sourcecode.swift; path = HomeScreenViewController.swift; sourceTree = "<group>"; };
		D2791E622115F4B600E6034A /* Wyve.app */ = {isa = PBXFileReference; explicitFileType = wrapper.application; includeInIndex = 0; path = Wyve.app; sourceTree = BUILT_PRODUCTS_DIR; };
		D2791E652115F4B600E6034A /* AppDelegate.swift */ = {isa = PBXFileReference; lastKnownFileType = sourcecode.swift; path = AppDelegate.swift; sourceTree = "<group>"; };
		D2791E6A2115F4B600E6034A /* Base */ = {isa = PBXFileReference; lastKnownFileType = file.storyboard; name = Base; path = Base.lproj/Main.storyboard; sourceTree = "<group>"; };
		D2791E6C2115F4B800E6034A /* Assets.xcassets */ = {isa = PBXFileReference; lastKnownFileType = folder.assetcatalog; path = Assets.xcassets; sourceTree = "<group>"; };
		D2791E6F2115F4B800E6034A /* Base */ = {isa = PBXFileReference; lastKnownFileType = file.storyboard; name = Base; path = Base.lproj/LaunchScreen.storyboard; sourceTree = "<group>"; };
		D2791E712115F4B800E6034A /* Info.plist */ = {isa = PBXFileReference; lastKnownFileType = text.plist.xml; path = Info.plist; sourceTree = "<group>"; };
		D297BB632118B21300D50A9C /* SwipingController.swift */ = {isa = PBXFileReference; lastKnownFileType = sourcecode.swift; path = SwipingController.swift; sourceTree = "<group>"; };
		D297BB652118CF5500D50A9C /* PageCell.swift */ = {isa = PBXFileReference; lastKnownFileType = sourcecode.swift; path = PageCell.swift; sourceTree = "<group>"; };
		D2AD5716211914DC0075FE48 /* Page.swift */ = {isa = PBXFileReference; lastKnownFileType = sourcecode.swift; path = Page.swift; sourceTree = "<group>"; };
		D2AD945B21218C6B00DC2C1D /* SignInViewController.swift */ = {isa = PBXFileReference; lastKnownFileType = sourcecode.swift; path = SignInViewController.swift; sourceTree = "<group>"; };
/* End PBXFileReference section */

/* Begin PBXFrameworksBuildPhase section */
		D2791E5F2115F4B600E6034A /* Frameworks */ = {
			isa = PBXFrameworksBuildPhase;
			buildActionMask = 2147483647;
			files = (
			);
			runOnlyForDeploymentPostprocessing = 0;
		};
/* End PBXFrameworksBuildPhase section */

/* Begin PBXGroup section */
		D273519621209C8E00D8C16C /* OnboardingRelated */ = {
			isa = PBXGroup;
			children = (
				D297BB632118B21300D50A9C /* SwipingController.swift */,
				D297BB652118CF5500D50A9C /* PageCell.swift */,
				D2AD5716211914DC0075FE48 /* Page.swift */,
			);
			path = OnboardingRelated;
			sourceTree = "<group>";
		};
		D2791E592115F4B600E6034A = {
			isa = PBXGroup;
			children = (
				D2791E642115F4B600E6034A /* Wyve */,
				D2791E632115F4B600E6034A /* Products */,
			);
			sourceTree = "<group>";
		};
		D2791E632115F4B600E6034A /* Products */ = {
			isa = PBXGroup;
			children = (
				D2791E622115F4B600E6034A /* Wyve.app */,
			);
			name = Products;
			sourceTree = "<group>";
		};
		D2791E642115F4B600E6034A /* Wyve */ = {
			isa = PBXGroup;
			children = (
				D273519621209C8E00D8C16C /* OnboardingRelated */,
				D2791E652115F4B600E6034A /* AppDelegate.swift */,
				D273519721209E3800D8C16C /* HomeScreenViewController.swift */,
				D2AD945B21218C6B00DC2C1D /* SignInViewController.swift */,
				D2791E692115F4B600E6034A /* Main.storyboard */,
				D2791E6C2115F4B800E6034A /* Assets.xcassets */,
				D2791E6E2115F4B800E6034A /* LaunchScreen.storyboard */,
				D2791E712115F4B800E6034A /* Info.plist */,
			);
			path = Wyve;
			sourceTree = "<group>";
		};
/* End PBXGroup section */

/* Begin PBXNativeTarget section */
		D2791E612115F4B600E6034A /* Wyve */ = {
			isa = PBXNativeTarget;
			buildConfigurationList = D2791E742115F4B800E6034A /* Build configuration list for PBXNativeTarget "Wyve" */;
			buildPhases = (
				D2791E5E2115F4B600E6034A /* Sources */,
				D2791E5F2115F4B600E6034A /* Frameworks */,
				D2791E602115F4B600E6034A /* Resources */,
			);
			buildRules = (
			);
			dependencies = (
			);
			name = Wyve;
			productName = Wyve;
			productReference = D2791E622115F4B600E6034A /* Wyve.app */;
			productType = "com.apple.product-type.application";
		};
/* End PBXNativeTarget section */

/* Begin PBXProject section */
		D2791E5A2115F4B600E6034A /* Project object */ = {
			isa = PBXProject;
			attributes = {
				LastSwiftUpdateCheck = 0940;
				LastUpgradeCheck = 0940;
				ORGANIZATIONNAME = "Armani Cesar";
				TargetAttributes = {
					D2791E612115F4B600E6034A = {
						CreatedOnToolsVersion = 9.4.1;
					};
				};
			};
			buildConfigurationList = D2791E5D2115F4B600E6034A /* Build configuration list for PBXProject "Wyve" */;
			compatibilityVersion = "Xcode 9.3";
			developmentRegion = en;
			hasScannedForEncodings = 0;
			knownRegions = (
				en,
				Base,
			);
			mainGroup = D2791E592115F4B600E6034A;
			productRefGroup = D2791E632115F4B600E6034A /* Products */;
			projectDirPath = "";
			projectRoot = "";
			targets = (
				D2791E612115F4B600E6034A /* Wyve */,
			);
		};
/* End PBXProject section */

/* Begin PBXResourcesBuildPhase section */
		D2791E602115F4B600E6034A /* Resources */ = {
			isa = PBXResourcesBuildPhase;
			buildActionMask = 2147483647;
			files = (
				D2791E702115F4B800E6034A /* LaunchScreen.storyboard in Resources */,
				D2791E6D2115F4B800E6034A /* Assets.xcassets in Resources */,
				D2791E6B2115F4B600E6034A /* Main.storyboard in Resources */,
			);
			runOnlyForDeploymentPostprocessing = 0;
		};
/* End PBXResourcesBuildPhase section */

/* Begin PBXSourcesBuildPhase section */
		D2791E5E2115F4B600E6034A /* Sources */ = {
			isa = PBXSourcesBuildPhase;
			buildActionMask = 2147483647;
			files = (
				D297BB662118CF5500D50A9C /* PageCell.swift in Sources */,
				D2AD5717211914DC0075FE48 /* Page.swift in Sources */,
				D2AD945C21218C6B00DC2C1D /* SignInViewController.swift in Sources */,
				D2791E662115F4B600E6034A /* AppDelegate.swift in Sources */,
				D297BB642118B21300D50A9C /* SwipingController.swift in Sources */,
				D273519821209E3800D8C16C /* HomeScreenViewController.swift in Sources */,
			);
			runOnlyForDeploymentPostprocessing = 0;
		};
/* End PBXSourcesBuildPhase section */

/* Begin PBXVariantGroup section */
		D2791E692115F4B600E6034A /* Main.storyboard */ = {
			isa = PBXVariantGroup;
			children = (
				D2791E6A2115F4B600E6034A /* Base */,
			);
			name = Main.storyboard;
			sourceTree = "<group>";
		};
		D2791E6E2115F4B800E6034A /* LaunchScreen.storyboard */ = {
			isa = PBXVariantGroup;
			children = (
				D2791E6F2115F4B800E6034A /* Base */,
			);
			name = LaunchScreen.storyboard;
			sourceTree = "<group>";
		};
/* End PBXVariantGroup section */

/* Begin XCBuildConfiguration section */
		D2791E722115F4B800E6034A /* Debug */ = {
			isa = XCBuildConfiguration;
			buildSettings = {
				ALWAYS_SEARCH_USER_PATHS = NO;
				CLANG_ANALYZER_NONNULL = YES;
				CLANG_ANALYZER_NUMBER_OBJECT_CONVERSION = YES_AGGRESSIVE;
				CLANG_CXX_LANGUAGE_STANDARD = "gnu++14";
				CLANG_CXX_LIBRARY = "libc++";
				CLANG_ENABLE_MODULES = YES;
				CLANG_ENABLE_OBJC_ARC = YES;
				CLANG_ENABLE_OBJC_WEAK = YES;
				CLANG_WARN_BLOCK_CAPTURE_AUTORELEASING = YES;
				CLANG_WARN_BOOL_CONVERSION = YES;
				CLANG_WARN_COMMA = YES;
				CLANG_WARN_CONSTANT_CONVERSION = YES;
				CLANG_WARN_DEPRECATED_OBJC_IMPLEMENTATIONS = YES;
				CLANG_WARN_DIRECT_OBJC_ISA_USAGE = YES_ERROR;
				CLANG_WARN_DOCUMENTATION_COMMENTS = YES;
				CLANG_WARN_EMPTY_BODY = YES;
				CLANG_WARN_ENUM_CONVERSION = YES;
				CLANG_WARN_INFINITE_RECURSION = YES;
				CLANG_WARN_INT_CONVERSION = YES;
				CLANG_WARN_NON_LITERAL_NULL_CONVERSION = YES;
				CLANG_WARN_OBJC_IMPLICIT_RETAIN_SELF = YES;
				CLANG_WARN_OBJC_LITERAL_CONVERSION = YES;
				CLANG_WARN_OBJC_ROOT_CLASS = YES_ERROR;
				CLANG_WARN_RANGE_LOOP_ANALYSIS = YES;
				CLANG_WARN_STRICT_PROTOTYPES = YES;
				CLANG_WARN_SUSPICIOUS_MOVE = YES;
				CLANG_WARN_UNGUARDED_AVAILABILITY = YES_AGGRESSIVE;
				CLANG_WARN_UNREACHABLE_CODE = YES;
				CLANG_WARN__DUPLICATE_METHOD_MATCH = YES;
				CODE_SIGN_IDENTITY = "iPhone Developer";
				COPY_PHASE_STRIP = NO;
				DEBUG_INFORMATION_FORMAT = dwarf;
				ENABLE_STRICT_OBJC_MSGSEND = YES;
				ENABLE_TESTABILITY = YES;
				GCC_C_LANGUAGE_STANDARD = gnu11;
				GCC_DYNAMIC_NO_PIC = NO;
				GCC_NO_COMMON_BLOCKS = YES;
				GCC_OPTIMIZATION_LEVEL = 0;
				GCC_PREPROCESSOR_DEFINITIONS = (
					"DEBUG=1",
					"$(inherited)",
				);
				GCC_WARN_64_TO_32_BIT_CONVERSION = YES;
				GCC_WARN_ABOUT_RETURN_TYPE = YES_ERROR;
				GCC_WARN_UNDECLARED_SELECTOR = YES;
				GCC_WARN_UNINITIALIZED_AUTOS = YES_AGGRESSIVE;
				GCC_WARN_UNUSED_FUNCTION = YES;
				GCC_WARN_UNUSED_VARIABLE = YES;
				IPHONEOS_DEPLOYMENT_TARGET = 11.4;
				MTL_ENABLE_DEBUG_INFO = YES;
				ONLY_ACTIVE_ARCH = YES;
				SDKROOT = iphoneos;
				SWIFT_ACTIVE_COMPILATION_CONDITIONS = DEBUG;
				SWIFT_OPTIMIZATION_LEVEL = "-Onone";
			};
			name = Debug;
		};
		D2791E732115F4B800E6034A /* Release */ = {
			isa = XCBuildConfiguration;
			buildSettings = {
				ALWAYS_SEARCH_USER_PATHS = NO;
				CLANG_ANALYZER_NONNULL = YES;
				CLANG_ANALYZER_NUMBER_OBJECT_CONVERSION = YES_AGGRESSIVE;
				CLANG_CXX_LANGUAGE_STANDARD = "gnu++14";
				CLANG_CXX_LIBRARY = "libc++";
				CLANG_ENABLE_MODULES = YES;
				CLANG_ENABLE_OBJC_ARC = YES;
				CLANG_ENABLE_OBJC_WEAK = YES;
				CLANG_WARN_BLOCK_CAPTURE_AUTORELEASING = YES;
				CLANG_WARN_BOOL_CONVERSION = YES;
				CLANG_WARN_COMMA = YES;
				CLANG_WARN_CONSTANT_CONVERSION = YES;
				CLANG_WARN_DEPRECATED_OBJC_IMPLEMENTATIONS = YES;
				CLANG_WARN_DIRECT_OBJC_ISA_USAGE = YES_ERROR;
				CLANG_WARN_DOCUMENTATION_COMMENTS = YES;
				CLANG_WARN_EMPTY_BODY = YES;
				CLANG_WARN_ENUM_CONVERSION = YES;
				CLANG_WARN_INFINITE_RECURSION = YES;
				CLANG_WARN_INT_CONVERSION = YES;
				CLANG_WARN_NON_LITERAL_NULL_CONVERSION = YES;
				CLANG_WARN_OBJC_IMPLICIT_RETAIN_SELF = YES;
				CLANG_WARN_OBJC_LITERAL_CONVERSION = YES;
				CLANG_WARN_OBJC_ROOT_CLASS = YES_ERROR;
				CLANG_WARN_RANGE_LOOP_ANALYSIS = YES;
				CLANG_WARN_STRICT_PROTOTYPES = YES;
				CLANG_WARN_SUSPICIOUS_MOVE = YES;
				CLANG_WARN_UNGUARDED_AVAILABILITY = YES_AGGRESSIVE;
				CLANG_WARN_UNREACHABLE_CODE = YES;
				CLANG_WARN__DUPLICATE_METHOD_MATCH = YES;
				CODE_SIGN_IDENTITY = "iPhone Developer";
				COPY_PHASE_STRIP = NO;
				DEBUG_INFORMATION_FORMAT = "dwarf-with-dsym";
				ENABLE_NS_ASSERTIONS = NO;
				ENABLE_STRICT_OBJC_MSGSEND = YES;
				GCC_C_LANGUAGE_STANDARD = gnu11;
				GCC_NO_COMMON_BLOCKS = YES;
				GCC_WARN_64_TO_32_BIT_CONVERSION = YES;
				GCC_WARN_ABOUT_RETURN_TYPE = YES_ERROR;
				GCC_WARN_UNDECLARED_SELECTOR = YES;
				GCC_WARN_UNINITIALIZED_AUTOS = YES_AGGRESSIVE;
				GCC_WARN_UNUSED_FUNCTION = YES;
				GCC_WARN_UNUSED_VARIABLE = YES;
				IPHONEOS_DEPLOYMENT_TARGET = 11.4;
				MTL_ENABLE_DEBUG_INFO = NO;
				SDKROOT = iphoneos;
				SWIFT_COMPILATION_MODE = wholemodule;
				SWIFT_OPTIMIZATION_LEVEL = "-O";
				VALIDATE_PRODUCT = YES;
			};
			name = Release;
		};
		D2791E752115F4B800E6034A /* Debug */ = {
			isa = XCBuildConfiguration;
			buildSettings = {
				ASSETCATALOG_COMPILER_APPICON_NAME = AppIcon;
				CODE_SIGN_STYLE = Automatic;
				DEVELOPMENT_TEAM = 6MN858AL5S;
				INFOPLIST_FILE = Wyve/Info.plist;
				LD_RUNPATH_SEARCH_PATHS = (
					"$(inherited)",
					"@executable_path/Frameworks",
				);
				PRODUCT_BUNDLE_IDENTIFIER = Armani.Wyve;
				PRODUCT_NAME = "$(TARGET_NAME)";
				SWIFT_VERSION = 4.0;
				TARGETED_DEVICE_FAMILY = "1,2";
			};
			name = Debug;
		};
		D2791E762115F4B800E6034A /* Release */ = {
			isa = XCBuildConfiguration;
			buildSettings = {
				ASSETCATALOG_COMPILER_APPICON_NAME = AppIcon;
				CODE_SIGN_STYLE = Automatic;
				DEVELOPMENT_TEAM = 6MN858AL5S;
				INFOPLIST_FILE = Wyve/Info.plist;
				LD_RUNPATH_SEARCH_PATHS = (
					"$(inherited)",
					"@executable_path/Frameworks",
				);
				PRODUCT_BUNDLE_IDENTIFIER = Armani.Wyve;
				PRODUCT_NAME = "$(TARGET_NAME)";
				SWIFT_VERSION = 4.0;
				TARGETED_DEVICE_FAMILY = "1,2";
			};
			name = Release;
		};
/* End XCBuildConfiguration section */

/* Begin XCConfigurationList section */
		D2791E5D2115F4B600E6034A /* Build configuration list for PBXProject "Wyve" */ = {
			isa = XCConfigurationList;
			buildConfigurations = (
				D2791E722115F4B800E6034A /* Debug */,
				D2791E732115F4B800E6034A /* Release */,
			);
			defaultConfigurationIsVisible = 0;
			defaultConfigurationName = Release;
		};
		D2791E742115F4B800E6034A /* Build configuration list for PBXNativeTarget "Wyve" */ = {
			isa = XCConfigurationList;
			buildConfigurations = (
				D2791E752115F4B800E6034A /* Debug */,
				D2791E762115F4B800E6034A /* Release */,
			);
			defaultConfigurationIsVisible = 0;
			defaultConfigurationName = Release;
		};
/* End XCConfigurationList section */
	};
	rootObject = D2791E5A2115F4B600E6034A /* Project object */;
}
